
Microsoft Visual Studio Solution File, Format Version 12.00
# Visual Studio 15
VisualStudioVersion = 15.0.27130.2020
MinimumVisualStudioVersion = 10.0.40219.1
Project("{FAE04EC0-301F-11D3-BF4B-00C04F79EFBC}") = "CRC32_C_Sharp", "CRC32_C_Sharp\CRC32_C_Sharp.csproj", "{9CB71AB9-0290-41B5-B55C-037B4156AEFA}"
EndProject
Global
	GlobalSection(SolutionConfigurationPlatforms) = preSolution
		Debug|Any CPU = Debug|Any CPU
		Release|Any CPU = Release|Any CPU
	EndGlobalSection
	GlobalSection(ProjectConfigurationPlatforms) = postSolution
		{9CB71AB9-0290-41B5-B55C-037B4156AEFA}.Debug|Any CPU.ActiveCfg = Debug|Any CPU
		{9CB71AB9-0290-41B5-B55C-037B4156AEFA}.Debug|Any CPU.Build.0 = Debug|Any CPU
		{9CB71AB9-0290-41B5-B55C-037B4156AEFA}.Release|Any CPU.ActiveCfg = Release|Any CPU
		{9CB71AB9-0290-41B5-B55C-037B4156AEFA}.Release|Any CPU.Build.0 = Release|Any CPU
	EndGlobalSection
	GlobalSection(SolutionProperties) = preSolution
		HideSolutionNode = FALSE
	EndGlobalSection
	GlobalSection(ExtensibilityGlobals) = postSolution
		SolutionGuid = {187C3A94-7FC6-4BAE-8C93-8F35A8757EF6}
	EndGlobalSection
EndGlobal
